
Microsoft Visual Studio Solution File, Format Version 12.00
# Visual Studio Version 16
VisualStudioVersion = 16.0.28922.388
MinimumVisualStudioVersion = 10.0.40219.1
Project("{9A19103F-16F7-4668-BE54-9A1E7A4F7556}") = "web", "web\web.csproj", "{B1F1408A-341A-4CFA-A089-F69CBF1A519E}"
EndProject
Project("{9A19103F-16F7-4668-BE54-9A1E7A4F7556}") = "api", "api\api.csproj", "{3734F73A-615A-485E-A9C3-19D631FE90A2}"
EndProject
Project("{9A19103F-16F7-4668-BE54-9A1E7A4F7556}") = "auth", "auth\auth.csproj", "{1CDF9630-D730-4737-ABE1-DB9A64935D56}"
EndProject
Project("{9A19103F-16F7-4668-BE54-9A1E7A4F7556}") = "gateway", "gateway\gateway.csproj", "{138389A2-94ED-460B-BC0F-2DB356B08C4D}"
EndProject
Project("{FAE04EC0-301F-11D3-BF4B-00C04F79EFBC}") = "api2", "api2\api2.csproj", "{EC5F434C-52D5-42C6-8382-1B610D5C7C04}"
EndProject
Global
	GlobalSection(SolutionConfigurationPlatforms) = preSolution
		Debug|Any CPU = Debug|Any CPU
		Release|Any CPU = Release|Any CPU
	EndGlobalSection
	GlobalSection(ProjectConfigurationPlatforms) = postSolution
		{B1F1408A-341A-4CFA-A089-F69CBF1A519E}.Debug|Any CPU.ActiveCfg = Debug|Any CPU
		{B1F1408A-341A-4CFA-A089-F69CBF1A519E}.Debug|Any CPU.Build.0 = Debug|Any CPU
		{B1F1408A-341A-4CFA-A089-F69CBF1A519E}.Release|Any CPU.ActiveCfg = Release|Any CPU
		{B1F1408A-341A-4CFA-A089-F69CBF1A519E}.Release|Any CPU.Build.0 = Release|Any CPU
		{3734F73A-615A-485E-A9C3-19D631FE90A2}.Debug|Any CPU.ActiveCfg = Debug|Any CPU
		{3734F73A-615A-485E-A9C3-19D631FE90A2}.Debug|Any CPU.Build.0 = Debug|Any CPU
		{3734F73A-615A-485E-A9C3-19D631FE90A2}.Release|Any CPU.ActiveCfg = Release|Any CPU
		{3734F73A-615A-485E-A9C3-19D631FE90A2}.Release|Any CPU.Build.0 = Release|Any CPU
		{1CDF9630-D730-4737-ABE1-DB9A64935D56}.Debug|Any CPU.ActiveCfg = Debug|Any CPU
		{1CDF9630-D730-4737-ABE1-DB9A64935D56}.Debug|Any CPU.Build.0 = Debug|Any CPU
		{1CDF9630-D730-4737-ABE1-DB9A64935D56}.Release|Any CPU.ActiveCfg = Release|Any CPU
		{1CDF9630-D730-4737-ABE1-DB9A64935D56}.Release|Any CPU.Build.0 = Release|Any CPU
		{138389A2-94ED-460B-BC0F-2DB356B08C4D}.Debug|Any CPU.ActiveCfg = Debug|Any CPU
		{138389A2-94ED-460B-BC0F-2DB356B08C4D}.Debug|Any CPU.Build.0 = Debug|Any CPU
		{138389A2-94ED-460B-BC0F-2DB356B08C4D}.Release|Any CPU.ActiveCfg = Release|Any CPU
		{138389A2-94ED-460B-BC0F-2DB356B08C4D}.Release|Any CPU.Build.0 = Release|Any CPU
		{EC5F434C-52D5-42C6-8382-1B610D5C7C04}.Debug|Any CPU.ActiveCfg = Debug|Any CPU
		{EC5F434C-52D5-42C6-8382-1B610D5C7C04}.Debug|Any CPU.Build.0 = Debug|Any CPU
		{EC5F434C-52D5-42C6-8382-1B610D5C7C04}.Release|Any CPU.ActiveCfg = Release|Any CPU
		{EC5F434C-52D5-42C6-8382-1B610D5C7C04}.Release|Any CPU.Build.0 = Release|Any CPU
	EndGlobalSection
	GlobalSection(SolutionProperties) = preSolution
		HideSolutionNode = FALSE
	EndGlobalSection
	GlobalSection(ExtensibilityGlobals) = postSolution
		SolutionGuid = {0D50C765-472D-4B3C-85B9-8EEB30776F00}
	EndGlobalSection
EndGlobal
